// !$*UTF8*$!
{
	archiveVersion = 1;
	classes = {
	};
	objectVersion = 48;
	objects = {

/* Begin PBXBuildFile section */
		2F0AA0E31F749C3600F6F510 /* AppDelegate.m in Sources */ = {isa = PBXBuildFile; fileRef = 2F0AA0E21F749C3600F6F510 /* AppDelegate.m */; };
		2F0AA0E61F749C3600F6F510 /* ViewController.m in Sources */ = {isa = PBXBuildFile; fileRef = 2F0AA0E51F749C3600F6F510 /* ViewController.m */; };
		2F0AA0E91F749C3600F6F510 /* Main.storyboard in Resources */ = {isa = PBXBuildFile; fileRef = 2F0AA0E71F749C3600F6F510 /* Main.storyboard */; };
		2F0AA0EB1F749C3600F6F510 /* Assets.xcassets in Resources */ = {isa = PBXBuildFile; fileRef = 2F0AA0EA1F749C3600F6F510 /* Assets.xcassets */; };
		2F0AA0EE1F749C3600F6F510 /* LaunchScreen.storyboard in Resources */ = {isa = PBXBuildFile; fileRef = 2F0AA0EC1F749C3600F6F510 /* LaunchScreen.storyboard */; };
		2F0AA0F11F749C3600F6F510 /* main.m in Sources */ = {isa = PBXBuildFile; fileRef = 2F0AA0F01F749C3600F6F510 /* main.m */; };
		2F0AA0FB1F749C3700F6F510 /* NFCDemoTests.m in Sources */ = {isa = PBXBuildFile; fileRef = 2F0AA0FA1F749C3700F6F510 /* NFCDemoTests.m */; };
		2F0AA1061F749C3700F6F510 /* NFCDemoUITests.m in Sources */ = {isa = PBXBuildFile; fileRef = 2F0AA1051F749C3700F6F510 /* NFCDemoUITests.m */; };
/* End PBXBuildFile section */

/* Begin PBXContainerItemProxy section */
		2F0AA0F71F749C3700F6F510 /* PBXContainerItemProxy */ = {
			isa = PBXContainerItemProxy;
			containerPortal = 2F0AA0D61F749C3600F6F510 /* Project object */;
			proxyType = 1;
			remoteGlobalIDString = 2F0AA0DD1F749C3600F6F510;
			remoteInfo = NFCDemo;
		};
		2F0AA1021F749C3700F6F510 /* PBXContainerItemProxy */ = {
			isa = PBXContainerItemProxy;
			containerPortal = 2F0AA0D61F749C3600F6F510 /* Project object */;
			proxyType = 1;
			remoteGlobalIDString = 2F0AA0DD1F749C3600F6F510;
			remoteInfo = NFCDemo;
		};
/* End PBXContainerItemProxy section */

/* Begin PBXFileReference section */
		2F0AA0DE1F749C3600F6F510 /* NFCDemo.app */ = {isa = PBXFileReference; explicitFileType = wrapper.application; includeInIndex = 0; path = NFCDemo.app; sourceTree = BUILT_PRODUCTS_DIR; };
		2F0AA0E11F749C3600F6F510 /* AppDelegate.h */ = {isa = PBXFileReference; lastKnownFileType = sourcecode.c.h; path = AppDelegate.h; sourceTree = "<group>"; };
		2F0AA0E21F749C3600F6F510 /* AppDelegate.m */ = {isa = PBXFileReference; lastKnownFileType = sourcecode.c.objc; path = AppDelegate.m; sourceTree = "<group>"; };
		2F0AA0E41F749C3600F6F510 /* ViewController.h */ = {isa = PBXFileReference; lastKnownFileType = sourcecode.c.h; path = ViewController.h; sourceTree = "<group>"; };
		2F0AA0E51F749C3600F6F510 /* ViewController.m */ = {isa = PBXFileReference; lastKnownFileType = sourcecode.c.objc; path = ViewController.m; sourceTree = "<group>"; };
		2F0AA0E81F749C3600F6F510 /* Base */ = {isa = PBXFileReference; lastKnownFileType = file.storyboard; name = Base; path = Base.lproj/Main.storyboard; sourceTree = "<group>"; };
		2F0AA0EA1F749C3600F6F510 /* Assets.xcassets */ = {isa = PBXFileReference; lastKnownFileType = folder.assetcatalog; path = Assets.xcassets; sourceTree = "<group>"; };
		2F0AA0ED1F749C3600F6F510 /* Base */ = {isa = PBXFileReference; lastKnownFileType = file.storyboard; name = Base; path = Base.lproj/LaunchScreen.storyboard; sourceTree = "<group>"; };
		2F0AA0EF1F749C3600F6F510 /* Info.plist */ = {isa = PBXFileReference; lastKnownFileType = text.plist.xml; path = Info.plist; sourceTree = "<group>"; };
		2F0AA0F01F749C3600F6F510 /* main.m */ = {isa = PBXFileReference; lastKnownFileType = sourcecode.c.objc; path = main.m; sourceTree = "<group>"; };
		2F0AA0F61F749C3700F6F510 /* NFCDemoTests.xctest */ = {isa = PBXFileReference; explicitFileType = wrapper.cfbundle; includeInIndex = 0; path = NFCDemoTests.xctest; sourceTree = BUILT_PRODUCTS_DIR; };
		2F0AA0FA1F749C3700F6F510 /* NFCDemoTests.m */ = {isa = PBXFileReference; lastKnownFileType = sourcecode.c.objc; path = NFCDemoTests.m; sourceTree = "<group>"; };
		2F0AA0FC1F749C3700F6F510 /* Info.plist */ = {isa = PBXFileReference; lastKnownFileType = text.plist.xml; path = Info.plist; sourceTree = "<group>"; };
		2F0AA1011F749C3700F6F510 /* NFCDemoUITests.xctest */ = {isa = PBXFileReference; explicitFileType = wrapper.cfbundle; includeInIndex = 0; path = NFCDemoUITests.xctest; sourceTree = BUILT_PRODUCTS_DIR; };
		2F0AA1051F749C3700F6F510 /* NFCDemoUITests.m */ = {isa = PBXFileReference; lastKnownFileType = sourcecode.c.objc; path = NFCDemoUITests.m; sourceTree = "<group>"; };
		2F0AA1071F749C3700F6F510 /* Info.plist */ = {isa = PBXFileReference; lastKnownFileType = text.plist.xml; path = Info.plist; sourceTree = "<group>"; };
		2F0AA1131F749C3E00F6F510 /* NFCDemo.entitlements */ = {isa = PBXFileReference; lastKnownFileType = text.plist.entitlements; path = NFCDemo.entitlements; sourceTree = "<group>"; };
/* End PBXFileReference section */

/* Begin PBXFrameworksBuildPhase section */
		2F0AA0DB1F749C3600F6F510 /* Frameworks */ = {
			isa = PBXFrameworksBuildPhase;
			buildActionMask = 2147483647;
			files = (
			);
			runOnlyForDeploymentPostprocessing = 0;
		};
		2F0AA0F31F749C3700F6F510 /* Frameworks */ = {
			isa = PBXFrameworksBuildPhase;
			buildActionMask = 2147483647;
			files = (
			);
			runOnlyForDeploymentPostprocessing = 0;
		};
		2F0AA0FE1F749C3700F6F510 /* Frameworks */ = {
			isa = PBXFrameworksBuildPhase;
			buildActionMask = 2147483647;
			files = (
			);
			runOnlyForDeploymentPostprocessing = 0;
		};
/* End PBXFrameworksBuildPhase section */

/* Begin PBXGroup section */
		2F0AA0D51F749C3600F6F510 = {
			isa = PBXGroup;
			children = (
				2F0AA0E01F749C3600F6F510 /* NFCDemo */,
				2F0AA0F91F749C3700F6F510 /* NFCDemoTests */,
				2F0AA1041F749C3700F6F510 /* NFCDemoUITests */,
				2F0AA0DF1F749C3600F6F510 /* Products */,
			);
			sourceTree = "<group>";
		};
		2F0AA0DF1F749C3600F6F510 /* Products */ = {
			isa = PBXGroup;
			children = (
				2F0AA0DE1F749C3600F6F510 /* NFCDemo.app */,
				2F0AA0F61F749C3700F6F510 /* NFCDemoTests.xctest */,
				2F0AA1011F749C3700F6F510 /* NFCDemoUITests.xctest */,
			);
			name = Products;
			sourceTree = "<group>";
		};
		2F0AA0E01F749C3600F6F510 /* NFCDemo */ = {
			isa = PBXGroup;
			children = (
				2F0AA1131F749C3E00F6F510 /* NFCDemo.entitlements */,
				2F0AA0E11F749C3600F6F510 /* AppDelegate.h */,
				2F0AA0E21F749C3600F6F510 /* AppDelegate.m */,
				2F0AA0E41F749C3600F6F510 /* ViewController.h */,
				2F0AA0E51F749C3600F6F510 /* ViewController.m */,
				2F0AA0E71F749C3600F6F510 /* Main.storyboard */,
				2F0AA0EA1F749C3600F6F510 /* Assets.xcassets */,
				2F0AA0EC1F749C3600F6F510 /* LaunchScreen.storyboard */,
				2F0AA0EF1F749C3600F6F510 /* Info.plist */,
				2F0AA0F01F749C3600F6F510 /* main.m */,
			);
			path = NFCDemo;
			sourceTree = "<group>";
		};
		2F0AA0F91F749C3700F6F510 /* NFCDemoTests */ = {
			isa = PBXGroup;
			children = (
				2F0AA0FA1F749C3700F6F510 /* NFCDemoTests.m */,
				2F0AA0FC1F749C3700F6F510 /* Info.plist */,
			);
			path = NFCDemoTests;
			sourceTree = "<group>";
		};
		2F0AA1041F749C3700F6F510 /* NFCDemoUITests */ = {
			isa = PBXGroup;
			children = (
				2F0AA1051F749C3700F6F510 /* NFCDemoUITests.m */,
				2F0AA1071F749C3700F6F510 /* Info.plist */,
			);
			path = NFCDemoUITests;
			sourceTree = "<group>";
		};
/* End PBXGroup section */

/* Begin PBXNativeTarget section */
		2F0AA0DD1F749C3600F6F510 /* NFCDemo */ = {
			isa = PBXNativeTarget;
			buildConfigurationList = 2F0AA10A1F749C3700F6F510 /* Build configuration list for PBXNativeTarget "NFCDemo" */;
			buildPhases = (
				2F0AA0DA1F749C3600F6F510 /* Sources */,
				2F0AA0DB1F749C3600F6F510 /* Frameworks */,
				2F0AA0DC1F749C3600F6F510 /* Resources */,
			);
			buildRules = (
			);
			dependencies = (
			);
			name = NFCDemo;
			productName = NFCDemo;
			productReference = 2F0AA0DE1F749C3600F6F510 /* NFCDemo.app */;
			productType = "com.apple.product-type.application";
		};
		2F0AA0F51F749C3700F6F510 /* NFCDemoTests */ = {
			isa = PBXNativeTarget;
			buildConfigurationList = 2F0AA10D1F749C3700F6F510 /* Build configuration list for PBXNativeTarget "NFCDemoTests" */;
			buildPhases = (
				2F0AA0F21F749C3700F6F510 /* Sources */,
				2F0AA0F31F749C3700F6F510 /* Frameworks */,
				2F0AA0F41F749C3700F6F510 /* Resources */,
			);
			buildRules = (
			);
			dependencies = (
				2F0AA0F81F749C3700F6F510 /* PBXTargetDependency */,
			);
			name = NFCDemoTests;
			productName = NFCDemoTests;
			productReference = 2F0AA0F61F749C3700F6F510 /* NFCDemoTests.xctest */;
			productType = "com.apple.product-type.bundle.unit-test";
		};
		2F0AA1001F749C3700F6F510 /* NFCDemoUITests */ = {
			isa = PBXNativeTarget;
			buildConfigurationList = 2F0AA1101F749C3700F6F510 /* Build configuration list for PBXNativeTarget "NFCDemoUITests" */;
			buildPhases = (
				2F0AA0FD1F749C3700F6F510 /* Sources */,
				2F0AA0FE1F749C3700F6F510 /* Frameworks */,
				2F0AA0FF1F749C3700F6F510 /* Resources */,
			);
			buildRules = (
			);
			dependencies = (
				2F0AA1031F749C3700F6F510 /* PBXTargetDependency */,
			);
			name = NFCDemoUITests;
			productName = NFCDemoUITests;
			productReference = 2F0AA1011F749C3700F6F510 /* NFCDemoUITests.xctest */;
			productType = "com.apple.product-type.bundle.ui-testing";
		};
/* End PBXNativeTarget section */

/* Begin PBXProject section */
		2F0AA0D61F749C3600F6F510 /* Project object */ = {
			isa = PBXProject;
			attributes = {
				LastUpgradeCheck = 0900;
				ORGANIZATIONNAME = "欧阳云慧";
				TargetAttributes = {
					2F0AA0DD1F749C3600F6F510 = {
						CreatedOnToolsVersion = 9.0;
						ProvisioningStyle = Automatic;
						SystemCapabilities = {
							com.apple.NearFieldCommunicationTagReading = {
								enabled = 1;
							};
						};
					};
					2F0AA0F51F749C3700F6F510 = {
						CreatedOnToolsVersion = 9.0;
						ProvisioningStyle = Automatic;
						TestTargetID = 2F0AA0DD1F749C3600F6F510;
					};
					2F0AA1001F749C3700F6F510 = {
						CreatedOnToolsVersion = 9.0;
						ProvisioningStyle = Automatic;
						TestTargetID = 2F0AA0DD1F749C3600F6F510;
					};
				};
			};
			buildConfigurationList = 2F0AA0D91F749C3600F6F510 /* Build configuration list for PBXProject "NFCDemo" */;
			compatibilityVersion = "Xcode 8.0";
			developmentRegion = en;
			hasScannedForEncodings = 0;
			knownRegions = (
				en,
				Base,
			);
			mainGroup = 2F0AA0D51F749C3600F6F510;
			productRefGroup = 2F0AA0DF1F749C3600F6F510 /* Products */;
			projectDirPath = "";
			projectRoot = "";
			targets = (
				2F0AA0DD1F749C3600F6F510 /* NFCDemo */,
				2F0AA0F51F749C3700F6F510 /* NFCDemoTests */,
				2F0AA1001F749C3700F6F510 /* NFCDemoUITests */,
			);
		};
/* End PBXProject section */

/* Begin PBXResourcesBuildPhase section */
		2F0AA0DC1F749C3600F6F510 /* Resources */ = {
			isa = PBXResourcesBuildPhase;
			buildActionMask = 2147483647;
			files = (
				2F0AA0EE1F749C3600F6F510 /* LaunchScreen.storyboard in Resources */,
				2F0AA0EB1F749C3600F6F510 /* Assets.xcassets in Resources */,
				2F0AA0E91F749C3600F6F510 /* Main.storyboard in Resources */,
			);
			runOnlyForDeploymentPostprocessing = 0;
		};
		2F0AA0F41F749C3700F6F510 /* Resources */ = {
			isa = PBXResourcesBuildPhase;
			buildActionMask = 2147483647;
			files = (
			);
			runOnlyForDeploymentPostprocessing = 0;
		};
		2F0AA0FF1F749C3700F6F510 /* Resources */ = {
			isa = PBXResourcesBuildPhase;
			buildActionMask = 2147483647;
			files = (
			);
			runOnlyForDeploymentPostprocessing = 0;
		};
/* End PBXResourcesBuildPhase section */

/* Begin PBXSourcesBuildPhase section */
		2F0AA0DA1F749C3600F6F510 /* Sources */ = {
			isa = PBXSourcesBuildPhase;
			buildActionMask = 2147483647;
			files = (
				2F0AA0E61F749C3600F6F510 /* ViewController.m in Sources */,
				2F0AA0F11F749C3600F6F510 /* main.m in Sources */,
				2F0AA0E31F749C3600F6F510 /* AppDelegate.m in Sources */,
			);
			runOnlyForDeploymentPostprocessing = 0;
		};
		2F0AA0F21F749C3700F6F510 /* Sources */ = {
			isa = PBXSourcesBuildPhase;
			buildActionMask = 2147483647;
			files = (
				2F0AA0FB1F749C3700F6F510 /* NFCDemoTests.m in Sources */,
			);
			runOnlyForDeploymentPostprocessing = 0;
		};
		2F0AA0FD1F749C3700F6F510 /* Sources */ = {
			isa = PBXSourcesBuildPhase;
			buildActionMask = 2147483647;
			files = (
				2F0AA1061F749C3700F6F510 /* NFCDemoUITests.m in Sources */,
			);
			runOnlyForDeploymentPostprocessing = 0;
		};
/* End PBXSourcesBuildPhase section */

/* Begin PBXTargetDependency section */
		2F0AA0F81F749C3700F6F510 /* PBXTargetDependency */ = {
			isa = PBXTargetDependency;
			target = 2F0AA0DD1F749C3600F6F510 /* NFCDemo */;
			targetProxy = 2F0AA0F71F749C3700F6F510 /* PBXContainerItemProxy */;
		};
		2F0AA1031F749C3700F6F510 /* PBXTargetDependency */ = {
			isa = PBXTargetDependency;
			target = 2F0AA0DD1F749C3600F6F510 /* NFCDemo */;
			targetProxy = 2F0AA1021F749C3700F6F510 /* PBXContainerItemProxy */;
		};
/* End PBXTargetDependency section */

/* Begin PBXVariantGroup section */
		2F0AA0E71F749C3600F6F510 /* Main.storyboard */ = {
			isa = PBXVariantGroup;
			children = (
				2F0AA0E81F749C3600F6F510 /* Base */,
			);
			name = Main.storyboard;
			sourceTree = "<group>";
		};
		2F0AA0EC1F749C3600F6F510 /* LaunchScreen.storyboard */ = {
			isa = PBXVariantGroup;
			children = (
				2F0AA0ED1F749C3600F6F510 /* Base */,
			);
			name = LaunchScreen.storyboard;
			sourceTree = "<group>";
		};
/* End PBXVariantGroup section */

/* Begin XCBuildConfiguration section */
		2F0AA1081F749C3700F6F510 /* Debug */ = {
			isa = XCBuildConfiguration;
			buildSettings = {
				ALWAYS_SEARCH_USER_PATHS = NO;
				CLANG_ANALYZER_NONNULL = YES;
				CLANG_ANALYZER_NUMBER_OBJECT_CONVERSION = YES_AGGRESSIVE;
				CLANG_CXX_LANGUAGE_STANDARD = "gnu++14";
				CLANG_CXX_LIBRARY = "libc++";
				CLANG_ENABLE_MODULES = YES;
				CLANG_ENABLE_OBJC_ARC = YES;
				CLANG_WARN_BLOCK_CAPTURE_AUTORELEASING = YES;
				CLANG_WARN_BOOL_CONVERSION = YES;
				CLANG_WARN_COMMA = YES;
				CLANG_WARN_CONSTANT_CONVERSION = YES;
				CLANG_WARN_DIRECT_OBJC_ISA_USAGE = YES_ERROR;
				CLANG_WARN_DOCUMENTATION_COMMENTS = YES;
				CLANG_WARN_EMPTY_BODY = YES;
				CLANG_WARN_ENUM_CONVERSION = YES;
				CLANG_WARN_INFINITE_RECURSION = YES;
				CLANG_WARN_INT_CONVERSION = YES;
				CLANG_WARN_NON_LITERAL_NULL_CONVERSION = YES;
				CLANG_WARN_OBJC_LITERAL_CONVERSION = YES;
				CLANG_WARN_OBJC_ROOT_CLASS = YES_ERROR;
				CLANG_WARN_RANGE_LOOP_ANALYSIS = YES;
				CLANG_WARN_STRICT_PROTOTYPES = YES;
				CLANG_WARN_SUSPICIOUS_MOVE = YES;
				CLANG_WARN_UNGUARDED_AVAILABILITY = YES_AGGRESSIVE;
				CLANG_WARN_UNREACHABLE_CODE = YES;
				CLANG_WARN__DUPLICATE_METHOD_MATCH = YES;
				CODE_SIGN_IDENTITY = "iPhone Developer";
				COPY_PHASE_STRIP = NO;
				DEBUG_INFORMATION_FORMAT = dwarf;
				ENABLE_STRICT_OBJC_MSGSEND = YES;
				ENABLE_TESTABILITY = YES;
				GCC_C_LANGUAGE_STANDARD = gnu11;
				GCC_DYNAMIC_NO_PIC = NO;
				GCC_NO_COMMON_BLOCKS = YES;
				GCC_OPTIMIZATION_LEVEL = 0;
				GCC_PREPROCESSOR_DEFINITIONS = (
					"DEBUG=1",
					"$(inherited)",
				);
				GCC_WARN_64_TO_32_BIT_CONVERSION = YES;
				GCC_WARN_ABOUT_RETURN_TYPE = YES_ERROR;
				GCC_WARN_UNDECLARED_SELECTOR = YES;
				GCC_WARN_UNINITIALIZED_AUTOS = YES_AGGRESSIVE;
				GCC_WARN_UNUSED_FUNCTION = YES;
				GCC_WARN_UNUSED_VARIABLE = YES;
				IPHONEOS_DEPLOYMENT_TARGET = 11.0;
				MTL_ENABLE_DEBUG_INFO = YES;
				ONLY_ACTIVE_ARCH = YES;
				SDKROOT = iphoneos;
			};
			name = Debug;
		};
		2F0AA1091F749C3700F6F510 /* Release */ = {
			isa = XCBuildConfiguration;
			buildSettings = {
				ALWAYS_SEARCH_USER_PATHS = NO;
				CLANG_ANALYZER_NONNULL = YES;
				CLANG_ANALYZER_NUMBER_OBJECT_CONVERSION = YES_AGGRESSIVE;
				CLANG_CXX_LANGUAGE_STANDARD = "gnu++14";
				CLANG_CXX_LIBRARY = "libc++";
				CLANG_ENABLE_MODULES = YES;
				CLANG_ENABLE_OBJC_ARC = YES;
				CLANG_WARN_BLOCK_CAPTURE_AUTORELEASING = YES;
				CLANG_WARN_BOOL_CONVERSION = YES;
				CLANG_WARN_COMMA = YES;
				CLANG_WARN_CONSTANT_CONVERSION = YES;
				CLANG_WARN_DIRECT_OBJC_ISA_USAGE = YES_ERROR;
				CLANG_WARN_DOCUMENTATION_COMMENTS = YES;
				CLANG_WARN_EMPTY_BODY = YES;
				CLANG_WARN_ENUM_CONVERSION = YES;
				CLANG_WARN_INFINITE_RECURSION = YES;
				CLANG_WARN_INT_CONVERSION = YES;
				CLANG_WARN_NON_LITERAL_NULL_CONVERSION = YES;
				CLANG_WARN_OBJC_LITERAL_CONVERSION = YES;
				CLANG_WARN_OBJC_ROOT_CLASS = YES_ERROR;
				CLANG_WARN_RANGE_LOOP_ANALYSIS = YES;
				CLANG_WARN_STRICT_PROTOTYPES = YES;
				CLANG_WARN_SUSPICIOUS_MOVE = YES;
				CLANG_WARN_UNGUARDED_AVAILABILITY = YES_AGGRESSIVE;
				CLANG_WARN_UNREACHABLE_CODE = YES;
				CLANG_WARN__DUPLICATE_METHOD_MATCH = YES;
				CODE_SIGN_IDENTITY = "iPhone Developer";
				COPY_PHASE_STRIP = NO;
				DEBUG_INFORMATION_FORMAT = "dwarf-with-dsym";
				ENABLE_NS_ASSERTIONS = NO;
				ENABLE_STRICT_OBJC_MSGSEND = YES;
				GCC_C_LANGUAGE_STANDARD = gnu11;
				GCC_NO_COMMON_BLOCKS = YES;
				GCC_WARN_64_TO_32_BIT_CONVERSION = YES;
				GCC_WARN_ABOUT_RETURN_TYPE = YES_ERROR;
				GCC_WARN_UNDECLARED_SELECTOR = YES;
				GCC_WARN_UNINITIALIZED_AUTOS = YES_AGGRESSIVE;
				GCC_WARN_UNUSED_FUNCTION = YES;
				GCC_WARN_UNUSED_VARIABLE = YES;
				IPHONEOS_DEPLOYMENT_TARGET = 11.0;
				MTL_ENABLE_DEBUG_INFO = NO;
				SDKROOT = iphoneos;
				VALIDATE_PRODUCT = YES;
			};
			name = Release;
		};
		2F0AA10B1F749C3700F6F510 /* Debug */ = {
			isa = XCBuildConfiguration;
			buildSettings = {
				ASSETCATALOG_COMPILER_APPICON_NAME = AppIcon;
				CODE_SIGN_ENTITLEMENTS = NFCDemo/NFCDemo.entitlements;
				CODE_SIGN_STYLE = Automatic;
				DEVELOPMENT_TEAM = SU246845TG;
				INFOPLIST_FILE = NFCDemo/Info.plist;
				IPHONEOS_DEPLOYMENT_TARGET = 8.0;
				LD_RUNPATH_SEARCH_PATHS = "$(inherited) @executable_path/Frameworks";
				PRODUCT_BUNDLE_IDENTIFIER = com.rickYun.NFCDemo;
				PRODUCT_NAME = "$(TARGET_NAME)";
				TARGETED_DEVICE_FAMILY = "1,2";
			};
			name = Debug;
		};
		2F0AA10C1F749C3700F6F510 /* Release */ = {
			isa = XCBuildConfiguration;
			buildSettings = {
				ASSETCATALOG_COMPILER_APPICON_NAME = AppIcon;
				CODE_SIGN_ENTITLEMENTS = NFCDemo/NFCDemo.entitlements;
				CODE_SIGN_STYLE = Automatic;
				DEVELOPMENT_TEAM = SU246845TG;
				INFOPLIST_FILE = NFCDemo/Info.plist;
				IPHONEOS_DEPLOYMENT_TARGET = 8.0;
				LD_RUNPATH_SEARCH_PATHS = "$(inherited) @executable_path/Frameworks";
				PRODUCT_BUNDLE_IDENTIFIER = com.rickYun.NFCDemo;
				PRODUCT_NAME = "$(TARGET_NAME)";
				TARGETED_DEVICE_FAMILY = "1,2";
			};
			name = Release;
		};
		2F0AA10E1F749C3700F6F510 /* Debug */ = {
			isa = XCBuildConfiguration;
			buildSettings = {
				BUNDLE_LOADER = "$(TEST_HOST)";
				CODE_SIGN_STYLE = Automatic;
				DEVELOPMENT_TEAM = SU246845TG;
				INFOPLIST_FILE = NFCDemoTests/Info.plist;
				LD_RUNPATH_SEARCH_PATHS = "$(inherited) @executable_path/Frameworks @loader_path/Frameworks";
				PRODUCT_BUNDLE_IDENTIFIER = com.rickYun.NFCDemoTests;
				PRODUCT_NAME = "$(TARGET_NAME)";
				TARGETED_DEVICE_FAMILY = "1,2";
				TEST_HOST = "$(BUILT_PRODUCTS_DIR)/NFCDemo.app/NFCDemo";
			};
			name = Debug;
		};
		2F0AA10F1F749C3700F6F510 /* Release */ = {
			isa = XCBuildConfiguration;
			buildSettings = {
				BUNDLE_LOADER = "$(TEST_HOST)";
				CODE_SIGN_STYLE = Automatic;
				DEVELOPMENT_TEAM = SU246845TG;
				INFOPLIST_FILE = NFCDemoTests/Info.plist;
				LD_RUNPATH_SEARCH_PATHS = "$(inherited) @executable_path/Frameworks @loader_path/Frameworks";
				PRODUCT_BUNDLE_IDENTIFIER = com.rickYun.NFCDemoTests;
				PRODUCT_NAME = "$(TARGET_NAME)";
				TARGETED_DEVICE_FAMILY = "1,2";
				TEST_HOST = "$(BUILT_PRODUCTS_DIR)/NFCDemo.app/NFCDemo";
			};
			name = Release;
		};
		2F0AA1111F749C3700F6F510 /* Debug */ = {
			isa = XCBuildConfiguration;
			buildSettings = {
				CODE_SIGN_STYLE = Automatic;
				DEVELOPMENT_TEAM = SU246845TG;
				INFOPLIST_FILE = NFCDemoUITests/Info.plist;
				LD_RUNPATH_SEARCH_PATHS = "$(inherited) @executable_path/Frameworks @loader_path/Frameworks";
				PRODUCT_BUNDLE_IDENTIFIER = com.rickYun.NFCDemoUITests;
				PRODUCT_NAME = "$(TARGET_NAME)";
				TARGETED_DEVICE_FAMILY = "1,2";
				TEST_TARGET_NAME = NFCDemo;
			};
			name = Debug;
		};
		2F0AA1121F749C3700F6F510 /* Release */ = {
			isa = XCBuildConfiguration;
			buildSettings = {
				CODE_SIGN_STYLE = Automatic;
				DEVELOPMENT_TEAM = SU246845TG;
				INFOPLIST_FILE = NFCDemoUITests/Info.plist;
				LD_RUNPATH_SEARCH_PATHS = "$(inherited) @executable_path/Frameworks @loader_path/Frameworks";
				PRODUCT_BUNDLE_IDENTIFIER = com.rickYun.NFCDemoUITests;
				PRODUCT_NAME = "$(TARGET_NAME)";
				TARGETED_DEVICE_FAMILY = "1,2";
				TEST_TARGET_NAME = NFCDemo;
			};
			name = Release;
		};
/* End XCBuildConfiguration section */

/* Begin XCConfigurationList section */
		2F0AA0D91F749C3600F6F510 /* Build configuration list for PBXProject "NFCDemo" */ = {
			isa = XCConfigurationList;
			buildConfigurations = (
				2F0AA1081F749C3700F6F510 /* Debug */,
				2F0AA1091F749C3700F6F510 /* Release */,
			);
			defaultConfigurationIsVisible = 0;
			defaultConfigurationName = Release;
		};
		2F0AA10A1F749C3700F6F510 /* Build configuration list for PBXNativeTarget "NFCDemo" */ = {
			isa = XCConfigurationList;
			buildConfigurations = (
				2F0AA10B1F749C3700F6F510 /* Debug */,
				2F0AA10C1F749C3700F6F510 /* Release */,
			);
			defaultConfigurationIsVisible = 0;
			defaultConfigurationName = Release;
		};
		2F0AA10D1F749C3700F6F510 /* Build configuration list for PBXNativeTarget "NFCDemoTests" */ = {
			isa = XCConfigurationList;
			buildConfigurations = (
				2F0AA10E1F749C3700F6F510 /* Debug */,
				2F0AA10F1F749C3700F6F510 /* Release */,
			);
			defaultConfigurationIsVisible = 0;
			defaultConfigurationName = Release;
		};
		2F0AA1101F749C3700F6F510 /* Build configuration list for PBXNativeTarget "NFCDemoUITests" */ = {
			isa = XCConfigurationList;
			buildConfigurations = (
				2F0AA1111F749C3700F6F510 /* Debug */,
				2F0AA1121F749C3700F6F510 /* Release */,
			);
			defaultConfigurationIsVisible = 0;
			defaultConfigurationName = Release;
		};
/* End XCConfigurationList section */
	};
	rootObject = 2F0AA0D61F749C3600F6F510 /* Project object */;
}
